# This file is automatically @generated by Cargo.
# It is not intended for manual editing.
version = 3

[[package]]
name = "decorrelator"
version = "0.1.0"
dependencies = [
 "sqlparser",
]

[[package]]
name = "log"
version = "0.4.21"
source = "registry+https://github.com/rust-lang/crates.io-index"
checksum = "90ed8c1e510134f979dbc4f070f87d4313098b704861a105fe34231c70a3901c"

[[package]]
name = "sqlparser"
version = "0.46.0"
source = "registry+https://github.com/rust-lang/crates.io-index"
checksum = "11a81a8cad9befe4cf1b9d2d4b9c6841c76f0882a3fec00d95133953c13b3d3d"
dependencies = [
 "log",
]
