# This file is automatically @generated by Cargo.
# It is not intended for manual editing.
version = 3

[[package]]
name = "decorrelator"
version = "0.1.0"
dependencies = [
 "sqlparser",
]

[[package]]
name = "log"
version = "0.4.21"
source = "registry+https://github.com/rust-lang/crates.io-index"
checksum = "90ed8c1e510134f979dbc4f070f87d4313098b704861a105fe34231c70a3901c"

[[package]]
name = "sqlparser"
version = "0.44.0"
source = "registry+https://github.com/rust-lang/crates.io-index"
checksum = "aaf9c7ff146298ffda83a200f8d5084f08dcee1edfc135fcc1d646a45d50ffd6"
dependencies = [
 "log",
]
